
Microsoft Visual Studio Solution File, Format Version 12.00
# Visual Studio 15
VisualStudioVersion = 15.0.26730.3
MinimumVisualStudioVersion = 10.0.40219.1
Project("{9A19103F-16F7-4668-BE54-9A1E7A4F7556}") = "BulutWebApi", "BulutWebApi\BulutWebApi.csproj", "{99EADC0A-DCAC-49EA-A3D1-EEA23E1DADD8}"
EndProject
Project("{9A19103F-16F7-4668-BE54-9A1E7A4F7556}") = "Core", "..\MalBazari\Core\Core.csproj", "{AD291A0B-A8EF-46E1-8400-115B770D8609}"
EndProject
Project("{9A19103F-16F7-4668-BE54-9A1E7A4F7556}") = "Entities", "..\MalBazari\Entities\Entities.csproj", "{7A1F5302-9044-44E6-B9A4-FEF9051F9110}"
EndProject
Global
	GlobalSection(SolutionConfigurationPlatforms) = preSolution
		Debug|Any CPU = Debug|Any CPU
		Release|Any CPU = Release|Any CPU
	EndGlobalSection
	GlobalSection(ProjectConfigurationPlatforms) = postSolution
		{99EADC0A-DCAC-49EA-A3D1-EEA23E1DADD8}.Debug|Any CPU.ActiveCfg = Debug|Any CPU
		{99EADC0A-DCAC-49EA-A3D1-EEA23E1DADD8}.Debug|Any CPU.Build.0 = Debug|Any CPU
		{99EADC0A-DCAC-49EA-A3D1-EEA23E1DADD8}.Release|Any CPU.ActiveCfg = Release|Any CPU
		{99EADC0A-DCAC-49EA-A3D1-EEA23E1DADD8}.Release|Any CPU.Build.0 = Release|Any CPU
		{AD291A0B-A8EF-46E1-8400-115B770D8609}.Debug|Any CPU.ActiveCfg = Debug|Any CPU
		{AD291A0B-A8EF-46E1-8400-115B770D8609}.Debug|Any CPU.Build.0 = Debug|Any CPU
		{AD291A0B-A8EF-46E1-8400-115B770D8609}.Release|Any CPU.ActiveCfg = Release|Any CPU
		{AD291A0B-A8EF-46E1-8400-115B770D8609}.Release|Any CPU.Build.0 = Release|Any CPU
		{7A1F5302-9044-44E6-B9A4-FEF9051F9110}.Debug|Any CPU.ActiveCfg = Debug|Any CPU
		{7A1F5302-9044-44E6-B9A4-FEF9051F9110}.Debug|Any CPU.Build.0 = Debug|Any CPU
		{7A1F5302-9044-44E6-B9A4-FEF9051F9110}.Release|Any CPU.ActiveCfg = Release|Any CPU
		{7A1F5302-9044-44E6-B9A4-FEF9051F9110}.Release|Any CPU.Build.0 = Release|Any CPU
	EndGlobalSection
	GlobalSection(SolutionProperties) = preSolution
		HideSolutionNode = FALSE
	EndGlobalSection
	GlobalSection(ExtensibilityGlobals) = postSolution
		SolutionGuid = {B69ABC18-91D4-4C7B-9F6B-7FBC3F388062}
	EndGlobalSection
EndGlobal
